
Microsoft Visual Studio Solution File, Format Version 12.00
# Visual Studio Version 17
VisualStudioVersion = 17.7.34221.43
MinimumVisualStudioVersion = 10.0.40219.1
Project("{9A19103F-16F7-4668-BE54-9A1E7A4F7556}") = "Exam_distribution_test_QLNV", "Exam_distribution_test_QLNV\Exam_distribution_test_QLNV.csproj", "{8FB5BC61-32B0-491D-8A40-6BAAA6515531}"
EndProject
Global
	GlobalSection(SolutionConfigurationPlatforms) = preSolution
		Debug|Any CPU = Debug|Any CPU
		Release|Any CPU = Release|Any CPU
	EndGlobalSection
	GlobalSection(ProjectConfigurationPlatforms) = postSolution
		{8FB5BC61-32B0-491D-8A40-6BAAA6515531}.Debug|Any CPU.ActiveCfg = Debug|Any CPU
		{8FB5BC61-32B0-491D-8A40-6BAAA6515531}.Debug|Any CPU.Build.0 = Debug|Any CPU
		{8FB5BC61-32B0-491D-8A40-6BAAA6515531}.Release|Any CPU.ActiveCfg = Release|Any CPU
		{8FB5BC61-32B0-491D-8A40-6BAAA6515531}.Release|Any CPU.Build.0 = Release|Any CPU
	EndGlobalSection
	GlobalSection(SolutionProperties) = preSolution
		HideSolutionNode = FALSE
	EndGlobalSection
	GlobalSection(ExtensibilityGlobals) = postSolution
		SolutionGuid = {6F7EDEC4-71DC-40FA-93B4-B413EB173556}
	EndGlobalSection
EndGlobal
